
Microsoft Visual Studio Solution File, Format Version 12.00
# Visual Studio Version 16
VisualStudioVersion = 16.0.31613.86
MinimumVisualStudioVersion = 10.0.40219.1
Project("{FAE04EC0-301F-11D3-BF4B-00C04F79EFBC}") = "Streamish", "Streamish\Streamish.csproj", "{1AC1875D-3CE1-44C2-93A8-BA89957BAFF6}"
EndProject
Global
	GlobalSection(SolutionConfigurationPlatforms) = preSolution
		Debug|Any CPU = Debug|Any CPU
		Release|Any CPU = Release|Any CPU
	EndGlobalSection
	GlobalSection(ProjectConfigurationPlatforms) = postSolution
		{1AC1875D-3CE1-44C2-93A8-BA89957BAFF6}.Debug|Any CPU.ActiveCfg = Debug|Any CPU
		{1AC1875D-3CE1-44C2-93A8-BA89957BAFF6}.Debug|Any CPU.Build.0 = Debug|Any CPU
		{1AC1875D-3CE1-44C2-93A8-BA89957BAFF6}.Release|Any CPU.ActiveCfg = Release|Any CPU
		{1AC1875D-3CE1-44C2-93A8-BA89957BAFF6}.Release|Any CPU.Build.0 = Release|Any CPU
	EndGlobalSection
	GlobalSection(SolutionProperties) = preSolution
		HideSolutionNode = FALSE
	EndGlobalSection
	GlobalSection(ExtensibilityGlobals) = postSolution
		SolutionGuid = {D252EDCC-220D-4A13-A827-AE1C8F826C00}
	EndGlobalSection
EndGlobal
